
Microsoft Visual Studio Solution File, Format Version 12.00
# Visual Studio Version 17
VisualStudioVersion = 17.8.34330.188
MinimumVisualStudioVersion = 10.0.40219.1
Project("{FAE04EC0-301F-11D3-BF4B-00C04F79EFBC}") = "Academia.Proyecto.API", "Academia.Proyecto.API\Academia.Proyecto.API.csproj", "{F523B244-38A2-4A1D-A551-60157BBC4B49}"
EndProject
Global
	GlobalSection(SolutionConfigurationPlatforms) = preSolution
		Debug|Any CPU = Debug|Any CPU
		Release|Any CPU = Release|Any CPU
	EndGlobalSection
	GlobalSection(ProjectConfigurationPlatforms) = postSolution
		{F523B244-38A2-4A1D-A551-60157BBC4B49}.Debug|Any CPU.ActiveCfg = Debug|Any CPU
		{F523B244-38A2-4A1D-A551-60157BBC4B49}.Debug|Any CPU.Build.0 = Debug|Any CPU
		{F523B244-38A2-4A1D-A551-60157BBC4B49}.Release|Any CPU.ActiveCfg = Release|Any CPU
		{F523B244-38A2-4A1D-A551-60157BBC4B49}.Release|Any CPU.Build.0 = Release|Any CPU
	EndGlobalSection
	GlobalSection(SolutionProperties) = preSolution
		HideSolutionNode = FALSE
	EndGlobalSection
	GlobalSection(ExtensibilityGlobals) = postSolution
		SolutionGuid = {A89A3432-5F37-45F2-8777-395620317E00}
	EndGlobalSection
EndGlobal
